// !$*UTF8*$!
{
	archiveVersion = 1;
	classes = {
	};
	objectVersion = 46;
	objects = {

/* Begin PBXBuildFile section */
		AEF7CA941D5D85590083F22B /* AppDelegate.swift in Sources */ = {isa = PBXBuildFile; fileRef = AEF7CA931D5D85590083F22B /* AppDelegate.swift */; };
		AEF7CA991D5D855A0083F22B /* Main.storyboard in Resources */ = {isa = PBXBuildFile; fileRef = AEF7CA971D5D855A0083F22B /* Main.storyboard */; };
		AEF7CA9B1D5D855A0083F22B /* Assets.xcassets in Resources */ = {isa = PBXBuildFile; fileRef = AEF7CA9A1D5D855A0083F22B /* Assets.xcassets */; };
		AEF7CA9E1D5D855A0083F22B /* LaunchScreen.storyboard in Resources */ = {isa = PBXBuildFile; fileRef = AEF7CA9C1D5D855A0083F22B /* LaunchScreen.storyboard */; };
		AEF7CAA91D5D855A0083F22B /* RxSwiftSampleTests.swift in Sources */ = {isa = PBXBuildFile; fileRef = AEF7CAA81D5D855A0083F22B /* RxSwiftSampleTests.swift */; };
		AEF7CAB41D5D855A0083F22B /* RxSwiftSampleUITests.swift in Sources */ = {isa = PBXBuildFile; fileRef = AEF7CAB31D5D855A0083F22B /* RxSwiftSampleUITests.swift */; };
		AEF7CACF1D5D862B0083F22B /* ApiRequest.swift in Sources */ = {isa = PBXBuildFile; fileRef = AEF7CAC51D5D862B0083F22B /* ApiRequest.swift */; };
		AEF7CAD01D5D862B0083F22B /* ApiResponse.swift in Sources */ = {isa = PBXBuildFile; fileRef = AEF7CAC61D5D862B0083F22B /* ApiResponse.swift */; };
		AEF7CAD11D5D862B0083F22B /* EventsModel.swift in Sources */ = {isa = PBXBuildFile; fileRef = AEF7CAC71D5D862B0083F22B /* EventsModel.swift */; };
		AEF7CAD21D5D862B0083F22B /* EventsRequest.swift in Sources */ = {isa = PBXBuildFile; fileRef = AEF7CAC81D5D862B0083F22B /* EventsRequest.swift */; };
		AEF7CAD31D5D862B0083F22B /* EventsResponse.swift in Sources */ = {isa = PBXBuildFile; fileRef = AEF7CAC91D5D862B0083F22B /* EventsResponse.swift */; };
		AEF7CAD41D5D862B0083F22B /* EventsViewController.swift in Sources */ = {isa = PBXBuildFile; fileRef = AEF7CACB1D5D862B0083F22B /* EventsViewController.swift */; };
		AEF7CAD51D5D862B0083F22B /* EventsViewModel.swift in Sources */ = {isa = PBXBuildFile; fileRef = AEF7CACD1D5D862B0083F22B /* EventsViewModel.swift */; };
		AEF7CAD61D5D862B0083F22B /* ViewState.swift in Sources */ = {isa = PBXBuildFile; fileRef = AEF7CACE1D5D862B0083F22B /* ViewState.swift */; };
		AEF7CAD91D5D86330083F22B /* RxScheduler.swift in Sources */ = {isa = PBXBuildFile; fileRef = AEF7CAD81D5D86330083F22B /* RxScheduler.swift */; };
		AEF7CADB1D5D86380083F22B /* GlobalConstant.swift in Sources */ = {isa = PBXBuildFile; fileRef = AEF7CADA1D5D86380083F22B /* GlobalConstant.swift */; };
		AEF7CADD1D5D897E0083F22B /* Alamofire.framework in Frameworks */ = {isa = PBXBuildFile; fileRef = AEF7CADC1D5D897E0083F22B /* Alamofire.framework */; };
		AEF7CADE1D5D897E0083F22B /* Alamofire.framework in Embed Frameworks */ = {isa = PBXBuildFile; fileRef = AEF7CADC1D5D897E0083F22B /* Alamofire.framework */; settings = {ATTRIBUTES = (CodeSignOnCopy, RemoveHeadersOnCopy, ); }; };
		AEF7CAE11D5D89830083F22B /* Himotoki.framework in Frameworks */ = {isa = PBXBuildFile; fileRef = AEF7CAE01D5D89830083F22B /* Himotoki.framework */; };
		AEF7CAE21D5D89830083F22B /* Himotoki.framework in Embed Frameworks */ = {isa = PBXBuildFile; fileRef = AEF7CAE01D5D89830083F22B /* Himotoki.framework */; settings = {ATTRIBUTES = (CodeSignOnCopy, RemoveHeadersOnCopy, ); }; };
		AEF7CAE41D5D89880083F22B /* RxBlocking.framework in Frameworks */ = {isa = PBXBuildFile; fileRef = AEF7CAE31D5D89880083F22B /* RxBlocking.framework */; };
		AEF7CAE51D5D89880083F22B /* RxBlocking.framework in Embed Frameworks */ = {isa = PBXBuildFile; fileRef = AEF7CAE31D5D89880083F22B /* RxBlocking.framework */; settings = {ATTRIBUTES = (CodeSignOnCopy, RemoveHeadersOnCopy, ); }; };
		AEF7CAE71D5D898D0083F22B /* RxCocoa.framework in Frameworks */ = {isa = PBXBuildFile; fileRef = AEF7CAE61D5D898D0083F22B /* RxCocoa.framework */; };
		AEF7CAE81D5D898D0083F22B /* RxCocoa.framework in Embed Frameworks */ = {isa = PBXBuildFile; fileRef = AEF7CAE61D5D898D0083F22B /* RxCocoa.framework */; settings = {ATTRIBUTES = (CodeSignOnCopy, RemoveHeadersOnCopy, ); }; };
		AEF7CAEA1D5D89920083F22B /* RxSwift.framework in Frameworks */ = {isa = PBXBuildFile; fileRef = AEF7CAE91D5D89920083F22B /* RxSwift.framework */; };
		AEF7CAEB1D5D89920083F22B /* RxSwift.framework in Embed Frameworks */ = {isa = PBXBuildFile; fileRef = AEF7CAE91D5D89920083F22B /* RxSwift.framework */; settings = {ATTRIBUTES = (CodeSignOnCopy, RemoveHeadersOnCopy, ); }; };
/* End PBXBuildFile section */

/* Begin PBXContainerItemProxy section */
		AEF7CAA51D5D855A0083F22B /* PBXContainerItemProxy */ = {
			isa = PBXContainerItemProxy;
			containerPortal = AEF7CA881D5D85590083F22B /* Project object */;
			proxyType = 1;
			remoteGlobalIDString = AEF7CA8F1D5D85590083F22B;
			remoteInfo = RxSwiftSample;
		};
		AEF7CAB01D5D855A0083F22B /* PBXContainerItemProxy */ = {
			isa = PBXContainerItemProxy;
			containerPortal = AEF7CA881D5D85590083F22B /* Project object */;
			proxyType = 1;
			remoteGlobalIDString = AEF7CA8F1D5D85590083F22B;
			remoteInfo = RxSwiftSample;
		};
/* End PBXContainerItemProxy section */

/* Begin PBXCopyFilesBuildPhase section */
		AEF7CADF1D5D897F0083F22B /* Embed Frameworks */ = {
			isa = PBXCopyFilesBuildPhase;
			buildActionMask = 2147483647;
			dstPath = "";
			dstSubfolderSpec = 10;
			files = (
				AEF7CAEB1D5D89920083F22B /* RxSwift.framework in Embed Frameworks */,
				AEF7CAE81D5D898D0083F22B /* RxCocoa.framework in Embed Frameworks */,
				AEF7CAE21D5D89830083F22B /* Himotoki.framework in Embed Frameworks */,
				AEF7CADE1D5D897E0083F22B /* Alamofire.framework in Embed Frameworks */,
				AEF7CAE51D5D89880083F22B /* RxBlocking.framework in Embed Frameworks */,
			);
			name = "Embed Frameworks";
			runOnlyForDeploymentPostprocessing = 0;
		};
/* End PBXCopyFilesBuildPhase section */

/* Begin PBXFileReference section */
		AEF7CA901D5D85590083F22B /* RxSwiftSample.app */ = {isa = PBXFileReference; explicitFileType = wrapper.application; includeInIndex = 0; path = RxSwiftSample.app; sourceTree = BUILT_PRODUCTS_DIR; };
		AEF7CA931D5D85590083F22B /* AppDelegate.swift */ = {isa = PBXFileReference; lastKnownFileType = sourcecode.swift; path = AppDelegate.swift; sourceTree = "<group>"; };
		AEF7CA981D5D855A0083F22B /* Base */ = {isa = PBXFileReference; lastKnownFileType = file.storyboard; name = Base; path = Base.lproj/Main.storyboard; sourceTree = "<group>"; };
		AEF7CA9A1D5D855A0083F22B /* Assets.xcassets */ = {isa = PBXFileReference; lastKnownFileType = folder.assetcatalog; path = Assets.xcassets; sourceTree = "<group>"; };
		AEF7CA9D1D5D855A0083F22B /* Base */ = {isa = PBXFileReference; lastKnownFileType = file.storyboard; name = Base; path = Base.lproj/LaunchScreen.storyboard; sourceTree = "<group>"; };
		AEF7CA9F1D5D855A0083F22B /* Info.plist */ = {isa = PBXFileReference; lastKnownFileType = text.plist.xml; path = Info.plist; sourceTree = "<group>"; };
		AEF7CAA41D5D855A0083F22B /* RxSwiftSampleTests.xctest */ = {isa = PBXFileReference; explicitFileType = wrapper.cfbundle; includeInIndex = 0; path = RxSwiftSampleTests.xctest; sourceTree = BUILT_PRODUCTS_DIR; };
		AEF7CAA81D5D855A0083F22B /* RxSwiftSampleTests.swift */ = {isa = PBXFileReference; lastKnownFileType = sourcecode.swift; path = RxSwiftSampleTests.swift; sourceTree = "<group>"; };
		AEF7CAAA1D5D855A0083F22B /* Info.plist */ = {isa = PBXFileReference; lastKnownFileType = text.plist.xml; path = Info.plist; sourceTree = "<group>"; };
		AEF7CAAF1D5D855A0083F22B /* RxSwiftSampleUITests.xctest */ = {isa = PBXFileReference; explicitFileType = wrapper.cfbundle; includeInIndex = 0; path = RxSwiftSampleUITests.xctest; sourceTree = BUILT_PRODUCTS_DIR; };
		AEF7CAB31D5D855A0083F22B /* RxSwiftSampleUITests.swift */ = {isa = PBXFileReference; lastKnownFileType = sourcecode.swift; path = RxSwiftSampleUITests.swift; sourceTree = "<group>"; };
		AEF7CAB51D5D855A0083F22B /* Info.plist */ = {isa = PBXFileReference; lastKnownFileType = text.plist.xml; path = Info.plist; sourceTree = "<group>"; };
		AEF7CAC51D5D862B0083F22B /* ApiRequest.swift */ = {isa = PBXFileReference; fileEncoding = 4; lastKnownFileType = sourcecode.swift; path = ApiRequest.swift; sourceTree = "<group>"; };
		AEF7CAC61D5D862B0083F22B /* ApiResponse.swift */ = {isa = PBXFileReference; fileEncoding = 4; lastKnownFileType = sourcecode.swift; path = ApiResponse.swift; sourceTree = "<group>"; };
		AEF7CAC71D5D862B0083F22B /* EventsModel.swift */ = {isa = PBXFileReference; fileEncoding = 4; lastKnownFileType = sourcecode.swift; path = EventsModel.swift; sourceTree = "<group>"; };
		AEF7CAC81D5D862B0083F22B /* EventsRequest.swift */ = {isa = PBXFileReference; fileEncoding = 4; lastKnownFileType = sourcecode.swift; path = EventsRequest.swift; sourceTree = "<group>"; };
		AEF7CAC91D5D862B0083F22B /* EventsResponse.swift */ = {isa = PBXFileReference; fileEncoding = 4; lastKnownFileType = sourcecode.swift; path = EventsResponse.swift; sourceTree = "<group>"; };
		AEF7CACB1D5D862B0083F22B /* EventsViewController.swift */ = {isa = PBXFileReference; fileEncoding = 4; lastKnownFileType = sourcecode.swift; path = EventsViewController.swift; sourceTree = "<group>"; };
		AEF7CACD1D5D862B0083F22B /* EventsViewModel.swift */ = {isa = PBXFileReference; fileEncoding = 4; lastKnownFileType = sourcecode.swift; path = EventsViewModel.swift; sourceTree = "<group>"; };
		AEF7CACE1D5D862B0083F22B /* ViewState.swift */ = {isa = PBXFileReference; fileEncoding = 4; lastKnownFileType = sourcecode.swift; path = ViewState.swift; sourceTree = "<group>"; };
		AEF7CAD81D5D86330083F22B /* RxScheduler.swift */ = {isa = PBXFileReference; fileEncoding = 4; lastKnownFileType = sourcecode.swift; path = RxScheduler.swift; sourceTree = "<group>"; };
		AEF7CADA1D5D86380083F22B /* GlobalConstant.swift */ = {isa = PBXFileReference; fileEncoding = 4; lastKnownFileType = sourcecode.swift; path = GlobalConstant.swift; sourceTree = "<group>"; };
		AEF7CADC1D5D897E0083F22B /* Alamofire.framework */ = {isa = PBXFileReference; lastKnownFileType = wrapper.framework; name = Alamofire.framework; path = ../../Carthage/Build/iOS/Alamofire.framework; sourceTree = "<group>"; };
		AEF7CAE01D5D89830083F22B /* Himotoki.framework */ = {isa = PBXFileReference; lastKnownFileType = wrapper.framework; name = Himotoki.framework; path = ../../Carthage/Build/iOS/Himotoki.framework; sourceTree = "<group>"; };
		AEF7CAE31D5D89880083F22B /* RxBlocking.framework */ = {isa = PBXFileReference; lastKnownFileType = wrapper.framework; name = RxBlocking.framework; path = ../../Carthage/Build/iOS/RxBlocking.framework; sourceTree = "<group>"; };
		AEF7CAE61D5D898D0083F22B /* RxCocoa.framework */ = {isa = PBXFileReference; lastKnownFileType = wrapper.framework; name = RxCocoa.framework; path = ../../Carthage/Build/iOS/RxCocoa.framework; sourceTree = "<group>"; };
		AEF7CAE91D5D89920083F22B /* RxSwift.framework */ = {isa = PBXFileReference; lastKnownFileType = wrapper.framework; name = RxSwift.framework; path = ../../Carthage/Build/iOS/RxSwift.framework; sourceTree = "<group>"; };
/* End PBXFileReference section */

/* Begin PBXFrameworksBuildPhase section */
		AEF7CA8D1D5D85590083F22B /* Frameworks */ = {
			isa = PBXFrameworksBuildPhase;
			buildActionMask = 2147483647;
			files = (
				AEF7CAEA1D5D89920083F22B /* RxSwift.framework in Frameworks */,
				AEF7CAE71D5D898D0083F22B /* RxCocoa.framework in Frameworks */,
				AEF7CAE11D5D89830083F22B /* Himotoki.framework in Frameworks */,
				AEF7CADD1D5D897E0083F22B /* Alamofire.framework in Frameworks */,
				AEF7CAE41D5D89880083F22B /* RxBlocking.framework in Frameworks */,
			);
			runOnlyForDeploymentPostprocessing = 0;
		};
		AEF7CAA11D5D855A0083F22B /* Frameworks */ = {
			isa = PBXFrameworksBuildPhase;
			buildActionMask = 2147483647;
			files = (
			);
			runOnlyForDeploymentPostprocessing = 0;
		};
		AEF7CAAC1D5D855A0083F22B /* Frameworks */ = {
			isa = PBXFrameworksBuildPhase;
			buildActionMask = 2147483647;
			files = (
			);
			runOnlyForDeploymentPostprocessing = 0;
		};
/* End PBXFrameworksBuildPhase section */

/* Begin PBXGroup section */
		AEF7CA871D5D85590083F22B = {
			isa = PBXGroup;
			children = (
				AEF7CA921D5D85590083F22B /* RxSwiftSample */,
				AEF7CAA71D5D855A0083F22B /* RxSwiftSampleTests */,
				AEF7CAB21D5D855A0083F22B /* RxSwiftSampleUITests */,
				AEF7CA911D5D85590083F22B /* Products */,
			);
			sourceTree = "<group>";
		};
		AEF7CA911D5D85590083F22B /* Products */ = {
			isa = PBXGroup;
			children = (
				AEF7CA901D5D85590083F22B /* RxSwiftSample.app */,
				AEF7CAA41D5D855A0083F22B /* RxSwiftSampleTests.xctest */,
				AEF7CAAF1D5D855A0083F22B /* RxSwiftSampleUITests.xctest */,
			);
			name = Products;
			sourceTree = "<group>";
		};
		AEF7CA921D5D85590083F22B /* RxSwiftSample */ = {
			isa = PBXGroup;
			children = (
				AEF7CAC21D5D862B0083F22B /* Classes */,
				AEF7CAD71D5D86330083F22B /* Services */,
				AEF7CAC11D5D859E0083F22B /* Frameworks */,
				AEF7CA931D5D85590083F22B /* AppDelegate.swift */,
				AEF7CADA1D5D86380083F22B /* GlobalConstant.swift */,
				AEF7CA971D5D855A0083F22B /* Main.storyboard */,
				AEF7CA9A1D5D855A0083F22B /* Assets.xcassets */,
				AEF7CA9C1D5D855A0083F22B /* LaunchScreen.storyboard */,
				AEF7CA9F1D5D855A0083F22B /* Info.plist */,
			);
			path = RxSwiftSample;
			sourceTree = "<group>";
		};
		AEF7CAA71D5D855A0083F22B /* RxSwiftSampleTests */ = {
			isa = PBXGroup;
			children = (
				AEF7CAA81D5D855A0083F22B /* RxSwiftSampleTests.swift */,
				AEF7CAAA1D5D855A0083F22B /* Info.plist */,
			);
			path = RxSwiftSampleTests;
			sourceTree = "<group>";
		};
		AEF7CAB21D5D855A0083F22B /* RxSwiftSampleUITests */ = {
			isa = PBXGroup;
			children = (
				AEF7CAB31D5D855A0083F22B /* RxSwiftSampleUITests.swift */,
				AEF7CAB51D5D855A0083F22B /* Info.plist */,
			);
			path = RxSwiftSampleUITests;
			sourceTree = "<group>";
		};
		AEF7CAC11D5D859E0083F22B /* Frameworks */ = {
			isa = PBXGroup;
			children = (
				AEF7CAE91D5D89920083F22B /* RxSwift.framework */,
				AEF7CAE61D5D898D0083F22B /* RxCocoa.framework */,
				AEF7CAE31D5D89880083F22B /* RxBlocking.framework */,
				AEF7CAE01D5D89830083F22B /* Himotoki.framework */,
				AEF7CADC1D5D897E0083F22B /* Alamofire.framework */,
			);
			path = Frameworks;
			sourceTree = "<group>";
		};
		AEF7CAC21D5D862B0083F22B /* Classes */ = {
			isa = PBXGroup;
			children = (
				AEF7CAC31D5D862B0083F22B /* Model */,
				AEF7CACA1D5D862B0083F22B /* View */,
				AEF7CACC1D5D862B0083F22B /* ViewModel */,
			);
			path = Classes;
			sourceTree = "<group>";
		};
		AEF7CAC31D5D862B0083F22B /* Model */ = {
			isa = PBXGroup;
			children = (
				AEF7CAC41D5D862B0083F22B /* API */,
				AEF7CAC71D5D862B0083F22B /* EventsModel.swift */,
				AEF7CAC81D5D862B0083F22B /* EventsRequest.swift */,
				AEF7CAC91D5D862B0083F22B /* EventsResponse.swift */,
			);
			path = Model;
			sourceTree = "<group>";
		};
		AEF7CAC41D5D862B0083F22B /* API */ = {
			isa = PBXGroup;
			children = (
				AEF7CAC51D5D862B0083F22B /* ApiRequest.swift */,
				AEF7CAC61D5D862B0083F22B /* ApiResponse.swift */,
			);
			path = API;
			sourceTree = "<group>";
		};
		AEF7CACA1D5D862B0083F22B /* View */ = {
			isa = PBXGroup;
			children = (
				AEF7CACB1D5D862B0083F22B /* EventsViewController.swift */,
			);
			path = View;
			sourceTree = "<group>";
		};
		AEF7CACC1D5D862B0083F22B /* ViewModel */ = {
			isa = PBXGroup;
			children = (
				AEF7CACD1D5D862B0083F22B /* EventsViewModel.swift */,
				AEF7CACE1D5D862B0083F22B /* ViewState.swift */,
			);
			path = ViewModel;
			sourceTree = "<group>";
		};
		AEF7CAD71D5D86330083F22B /* Services */ = {
			isa = PBXGroup;
			children = (
				AEF7CAD81D5D86330083F22B /* RxScheduler.swift */,
			);
			path = Services;
			sourceTree = "<group>";
		};
/* End PBXGroup section */

/* Begin PBXNativeTarget section */
		AEF7CA8F1D5D85590083F22B /* RxSwiftSample */ = {
			isa = PBXNativeTarget;
			buildConfigurationList = AEF7CAB81D5D855A0083F22B /* Build configuration list for PBXNativeTarget "RxSwiftSample" */;
			buildPhases = (
				AEF7CA8C1D5D85590083F22B /* Sources */,
				AEF7CA8D1D5D85590083F22B /* Frameworks */,
				AEF7CA8E1D5D85590083F22B /* Resources */,
				AEF7CADF1D5D897F0083F22B /* Embed Frameworks */,
				AEF7CAEC1D5D89A30083F22B /* ShellScript */,
			);
			buildRules = (
			);
			dependencies = (
			);
			name = RxSwiftSample;
			productName = RxSwiftSample;
			productReference = AEF7CA901D5D85590083F22B /* RxSwiftSample.app */;
			productType = "com.apple.product-type.application";
		};
		AEF7CAA31D5D855A0083F22B /* RxSwiftSampleTests */ = {
			isa = PBXNativeTarget;
			buildConfigurationList = AEF7CABB1D5D855A0083F22B /* Build configuration list for PBXNativeTarget "RxSwiftSampleTests" */;
			buildPhases = (
				AEF7CAA01D5D855A0083F22B /* Sources */,
				AEF7CAA11D5D855A0083F22B /* Frameworks */,
				AEF7CAA21D5D855A0083F22B /* Resources */,
			);
			buildRules = (
			);
			dependencies = (
				AEF7CAA61D5D855A0083F22B /* PBXTargetDependency */,
			);
			name = RxSwiftSampleTests;
			productName = RxSwiftSampleTests;
			productReference = AEF7CAA41D5D855A0083F22B /* RxSwiftSampleTests.xctest */;
			productType = "com.apple.product-type.bundle.unit-test";
		};
		AEF7CAAE1D5D855A0083F22B /* RxSwiftSampleUITests */ = {
			isa = PBXNativeTarget;
			buildConfigurationList = AEF7CABE1D5D855A0083F22B /* Build configuration list for PBXNativeTarget "RxSwiftSampleUITests" */;
			buildPhases = (
				AEF7CAAB1D5D855A0083F22B /* Sources */,
				AEF7CAAC1D5D855A0083F22B /* Frameworks */,
				AEF7CAAD1D5D855A0083F22B /* Resources */,
			);
			buildRules = (
			);
			dependencies = (
				AEF7CAB11D5D855A0083F22B /* PBXTargetDependency */,
			);
			name = RxSwiftSampleUITests;
			productName = RxSwiftSampleUITests;
			productReference = AEF7CAAF1D5D855A0083F22B /* RxSwiftSampleUITests.xctest */;
			productType = "com.apple.product-type.bundle.ui-testing";
		};
/* End PBXNativeTarget section */

/* Begin PBXProject section */
		AEF7CA881D5D85590083F22B /* Project object */ = {
			isa = PBXProject;
			attributes = {
				LastSwiftUpdateCheck = 0730;
				LastUpgradeCheck = 0800;
				ORGANIZATIONNAME = "Yota Numata";
				TargetAttributes = {
					AEF7CA8F1D5D85590083F22B = {
						CreatedOnToolsVersion = 7.3.1;
						LastSwiftMigration = 0800;
					};
					AEF7CAA31D5D855A0083F22B = {
						CreatedOnToolsVersion = 7.3.1;
						LastSwiftMigration = 0800;
						TestTargetID = AEF7CA8F1D5D85590083F22B;
					};
					AEF7CAAE1D5D855A0083F22B = {
						CreatedOnToolsVersion = 7.3.1;
						LastSwiftMigration = 0800;
						TestTargetID = AEF7CA8F1D5D85590083F22B;
					};
				};
			};
			buildConfigurationList = AEF7CA8B1D5D85590083F22B /* Build configuration list for PBXProject "RxSwiftSample" */;
			compatibilityVersion = "Xcode 3.2";
			developmentRegion = English;
			hasScannedForEncodings = 0;
			knownRegions = (
				en,
				Base,
			);
			mainGroup = AEF7CA871D5D85590083F22B;
			productRefGroup = AEF7CA911D5D85590083F22B /* Products */;
			projectDirPath = "";
			projectRoot = "";
			targets = (
				AEF7CA8F1D5D85590083F22B /* RxSwiftSample */,
				AEF7CAA31D5D855A0083F22B /* RxSwiftSampleTests */,
				AEF7CAAE1D5D855A0083F22B /* RxSwiftSampleUITests */,
			);
		};
/* End PBXProject section */

/* Begin PBXResourcesBuildPhase section */
		AEF7CA8E1D5D85590083F22B /* Resources */ = {
			isa = PBXResourcesBuildPhase;
			buildActionMask = 2147483647;
			files = (
				AEF7CA9E1D5D855A0083F22B /* LaunchScreen.storyboard in Resources */,
				AEF7CA9B1D5D855A0083F22B /* Assets.xcassets in Resources */,
				AEF7CA991D5D855A0083F22B /* Main.storyboard in Resources */,
			);
			runOnlyForDeploymentPostprocessing = 0;
		};
		AEF7CAA21D5D855A0083F22B /* Resources */ = {
			isa = PBXResourcesBuildPhase;
			buildActionMask = 2147483647;
			files = (
			);
			runOnlyForDeploymentPostprocessing = 0;
		};
		AEF7CAAD1D5D855A0083F22B /* Resources */ = {
			isa = PBXResourcesBuildPhase;
			buildActionMask = 2147483647;
			files = (
			);
			runOnlyForDeploymentPostprocessing = 0;
		};
/* End PBXResourcesBuildPhase section */

/* Begin PBXShellScriptBuildPhase section */
		AEF7CAEC1D5D89A30083F22B /* ShellScript */ = {
			isa = PBXShellScriptBuildPhase;
			buildActionMask = 2147483647;
			files = (
			);
			inputPaths = (
				"$(SRCROOT)/Carthage/Build/iOS/Alamofire.framework",
				"$(SRCROOT)/Carthage/Build/iOS/Himotoki.framework",
				"$(SRCROOT)/Carthage/Build/iOS/RxSwift.framework",
				"$(SRCROOT)/Carthage/Build/iOS/RxCocoa.framework",
				"$(SRCROOT)/Carthage/Build/iOS/RxBlocking.framework",
			);
			outputPaths = (
			);
			runOnlyForDeploymentPostprocessing = 0;
			shellPath = /bin/sh;
			shellScript = "/usr/local/bin/carthage copy-frameworks";
		};
/* End PBXShellScriptBuildPhase section */

/* Begin PBXSourcesBuildPhase section */
		AEF7CA8C1D5D85590083F22B /* Sources */ = {
			isa = PBXSourcesBuildPhase;
			buildActionMask = 2147483647;
			files = (
				AEF7CAD21D5D862B0083F22B /* EventsRequest.swift in Sources */,
				AEF7CAD51D5D862B0083F22B /* EventsViewModel.swift in Sources */,
				AEF7CAD01D5D862B0083F22B /* ApiResponse.swift in Sources */,
				AEF7CACF1D5D862B0083F22B /* ApiRequest.swift in Sources */,
				AEF7CAD31D5D862B0083F22B /* EventsResponse.swift in Sources */,
				AEF7CADB1D5D86380083F22B /* GlobalConstant.swift in Sources */,
				AEF7CAD91D5D86330083F22B /* RxScheduler.swift in Sources */,
				AEF7CAD61D5D862B0083F22B /* ViewState.swift in Sources */,
				AEF7CAD41D5D862B0083F22B /* EventsViewController.swift in Sources */,
				AEF7CAD11D5D862B0083F22B /* EventsModel.swift in Sources */,
				AEF7CA941D5D85590083F22B /* AppDelegate.swift in Sources */,
			);
			runOnlyForDeploymentPostprocessing = 0;
		};
		AEF7CAA01D5D855A0083F22B /* Sources */ = {
			isa = PBXSourcesBuildPhase;
			buildActionMask = 2147483647;
			files = (
				AEF7CAA91D5D855A0083F22B /* RxSwiftSampleTests.swift in Sources */,
			);
			runOnlyForDeploymentPostprocessing = 0;
		};
		AEF7CAAB1D5D855A0083F22B /* Sources */ = {
			isa = PBXSourcesBuildPhase;
			buildActionMask = 2147483647;
			files = (
				AEF7CAB41D5D855A0083F22B /* RxSwiftSampleUITests.swift in Sources */,
			);
			runOnlyForDeploymentPostprocessing = 0;
		};
/* End PBXSourcesBuildPhase section */

/* Begin PBXTargetDependency section */
		AEF7CAA61D5D855A0083F22B /* PBXTargetDependency */ = {
			isa = PBXTargetDependency;
			target = AEF7CA8F1D5D85590083F22B /* RxSwiftSample */;
			targetProxy = AEF7CAA51D5D855A0083F22B /* PBXContainerItemProxy */;
		};
		AEF7CAB11D5D855A0083F22B /* PBXTargetDependency */ = {
			isa = PBXTargetDependency;
			target = AEF7CA8F1D5D85590083F22B /* RxSwiftSample */;
			targetProxy = AEF7CAB01D5D855A0083F22B /* PBXContainerItemProxy */;
		};
/* End PBXTargetDependency section */

/* Begin PBXVariantGroup section */
		AEF7CA971D5D855A0083F22B /* Main.storyboard */ = {
			isa = PBXVariantGroup;
			children = (
				AEF7CA981D5D855A0083F22B /* Base */,
			);
			name = Main.storyboard;
			sourceTree = "<group>";
		};
		AEF7CA9C1D5D855A0083F22B /* LaunchScreen.storyboard */ = {
			isa = PBXVariantGroup;
			children = (
				AEF7CA9D1D5D855A0083F22B /* Base */,
			);
			name = LaunchScreen.storyboard;
			sourceTree = "<group>";
		};
/* End PBXVariantGroup section */

/* Begin XCBuildConfiguration section */
		AEF7CAB61D5D855A0083F22B /* Debug */ = {
			isa = XCBuildConfiguration;
			buildSettings = {
				ALWAYS_SEARCH_USER_PATHS = NO;
				CLANG_ANALYZER_NONNULL = YES;
				CLANG_CXX_LANGUAGE_STANDARD = "gnu++0x";
				CLANG_CXX_LIBRARY = "libc++";
				CLANG_ENABLE_MODULES = YES;
				CLANG_ENABLE_OBJC_ARC = YES;
				CLANG_WARN_BOOL_CONVERSION = YES;
				CLANG_WARN_CONSTANT_CONVERSION = YES;
				CLANG_WARN_DIRECT_OBJC_ISA_USAGE = YES_ERROR;
				CLANG_WARN_EMPTY_BODY = YES;
				CLANG_WARN_ENUM_CONVERSION = YES;
				CLANG_WARN_INFINITE_RECURSION = YES;
				CLANG_WARN_INT_CONVERSION = YES;
				CLANG_WARN_OBJC_ROOT_CLASS = YES_ERROR;
				CLANG_WARN_SUSPICIOUS_MOVE = YES;
				CLANG_WARN_UNREACHABLE_CODE = YES;
				CLANG_WARN__DUPLICATE_METHOD_MATCH = YES;
				"CODE_SIGN_IDENTITY[sdk=iphoneos*]" = "iPhone Developer";
				COPY_PHASE_STRIP = NO;
				DEBUG_INFORMATION_FORMAT = dwarf;
				ENABLE_STRICT_OBJC_MSGSEND = YES;
				ENABLE_TESTABILITY = YES;
				GCC_C_LANGUAGE_STANDARD = gnu99;
				GCC_DYNAMIC_NO_PIC = NO;
				GCC_NO_COMMON_BLOCKS = YES;
				GCC_OPTIMIZATION_LEVEL = 0;
				GCC_PREPROCESSOR_DEFINITIONS = (
					"DEBUG=1",
					"$(inherited)",
				);
				GCC_WARN_64_TO_32_BIT_CONVERSION = YES;
				GCC_WARN_ABOUT_RETURN_TYPE = YES_ERROR;
				GCC_WARN_UNDECLARED_SELECTOR = YES;
				GCC_WARN_UNINITIALIZED_AUTOS = YES_AGGRESSIVE;
				GCC_WARN_UNUSED_FUNCTION = YES;
				GCC_WARN_UNUSED_VARIABLE = YES;
				IPHONEOS_DEPLOYMENT_TARGET = 9.3;
				MTL_ENABLE_DEBUG_INFO = YES;
				ONLY_ACTIVE_ARCH = YES;
				SDKROOT = iphoneos;
				SWIFT_OPTIMIZATION_LEVEL = "-Onone";
			};
			name = Debug;
		};
		AEF7CAB71D5D855A0083F22B /* Release */ = {
			isa = XCBuildConfiguration;
			buildSettings = {
				ALWAYS_SEARCH_USER_PATHS = NO;
				CLANG_ANALYZER_NONNULL = YES;
				CLANG_CXX_LANGUAGE_STANDARD = "gnu++0x";
				CLANG_CXX_LIBRARY = "libc++";
				CLANG_ENABLE_MODULES = YES;
				CLANG_ENABLE_OBJC_ARC = YES;
				CLANG_WARN_BOOL_CONVERSION = YES;
				CLANG_WARN_CONSTANT_CONVERSION = YES;
				CLANG_WARN_DIRECT_OBJC_ISA_USAGE = YES_ERROR;
				CLANG_WARN_EMPTY_BODY = YES;
				CLANG_WARN_ENUM_CONVERSION = YES;
				CLANG_WARN_INFINITE_RECURSION = YES;
				CLANG_WARN_INT_CONVERSION = YES;
				CLANG_WARN_OBJC_ROOT_CLASS = YES_ERROR;
				CLANG_WARN_SUSPICIOUS_MOVE = YES;
				CLANG_WARN_UNREACHABLE_CODE = YES;
				CLANG_WARN__DUPLICATE_METHOD_MATCH = YES;
				"CODE_SIGN_IDENTITY[sdk=iphoneos*]" = "iPhone Developer";
				COPY_PHASE_STRIP = NO;
				DEBUG_INFORMATION_FORMAT = "dwarf-with-dsym";
				ENABLE_NS_ASSERTIONS = NO;
				ENABLE_STRICT_OBJC_MSGSEND = YES;
				GCC_C_LANGUAGE_STANDARD = gnu99;
				GCC_NO_COMMON_BLOCKS = YES;
				GCC_WARN_64_TO_32_BIT_CONVERSION = YES;
				GCC_WARN_ABOUT_RETURN_TYPE = YES_ERROR;
				GCC_WARN_UNDECLARED_SELECTOR = YES;
				GCC_WARN_UNINITIALIZED_AUTOS = YES_AGGRESSIVE;
				GCC_WARN_UNUSED_FUNCTION = YES;
				GCC_WARN_UNUSED_VARIABLE = YES;
				IPHONEOS_DEPLOYMENT_TARGET = 9.3;
				MTL_ENABLE_DEBUG_INFO = NO;
				SDKROOT = iphoneos;
				SWIFT_OPTIMIZATION_LEVEL = "-Owholemodule";
				VALIDATE_PRODUCT = YES;
			};
			name = Release;
		};
		AEF7CAB91D5D855A0083F22B /* Debug */ = {
			isa = XCBuildConfiguration;
			buildSettings = {
				ASSETCATALOG_COMPILER_APPICON_NAME = AppIcon;
				FRAMEWORK_SEARCH_PATHS = (
					"$(inherited)",
					"$(PROJECT_DIR)/Carthage/Build/iOS",
				);
				INFOPLIST_FILE = RxSwiftSample/Info.plist;
				LD_RUNPATH_SEARCH_PATHS = "$(inherited) @executable_path/Frameworks";
				PRODUCT_BUNDLE_IDENTIFIER = takuwan0405.RxSwiftSample;
				PRODUCT_NAME = "$(TARGET_NAME)";
				SWIFT_VERSION = 3.0;
			};
			name = Debug;
		};
		AEF7CABA1D5D855A0083F22B /* Release */ = {
			isa = XCBuildConfiguration;
			buildSettings = {
				ASSETCATALOG_COMPILER_APPICON_NAME = AppIcon;
				FRAMEWORK_SEARCH_PATHS = (
					"$(inherited)",
					"$(PROJECT_DIR)/Carthage/Build/iOS",
				);
				INFOPLIST_FILE = RxSwiftSample/Info.plist;
				LD_RUNPATH_SEARCH_PATHS = "$(inherited) @executable_path/Frameworks";
				PRODUCT_BUNDLE_IDENTIFIER = takuwan0405.RxSwiftSample;
				PRODUCT_NAME = "$(TARGET_NAME)";
				SWIFT_VERSION = 3.0;
			};
			name = Release;
		};
		AEF7CABC1D5D855A0083F22B /* Debug */ = {
			isa = XCBuildConfiguration;
			buildSettings = {
				BUNDLE_LOADER = "$(TEST_HOST)";
				INFOPLIST_FILE = RxSwiftSampleTests/Info.plist;
				LD_RUNPATH_SEARCH_PATHS = "$(inherited) @executable_path/Frameworks @loader_path/Frameworks";
				PRODUCT_BUNDLE_IDENTIFIER = takuwan0405.RxSwiftSampleTests;
				PRODUCT_NAME = "$(TARGET_NAME)";
				SWIFT_VERSION = 3.0;
				TEST_HOST = "$(BUILT_PRODUCTS_DIR)/RxSwiftSample.app/RxSwiftSample";
			};
			name = Debug;
		};
		AEF7CABD1D5D855A0083F22B /* Release */ = {
			isa = XCBuildConfiguration;
			buildSettings = {
				BUNDLE_LOADER = "$(TEST_HOST)";
				INFOPLIST_FILE = RxSwiftSampleTests/Info.plist;
				LD_RUNPATH_SEARCH_PATHS = "$(inherited) @executable_path/Frameworks @loader_path/Frameworks";
				PRODUCT_BUNDLE_IDENTIFIER = takuwan0405.RxSwiftSampleTests;
				PRODUCT_NAME = "$(TARGET_NAME)";
				SWIFT_VERSION = 3.0;
				TEST_HOST = "$(BUILT_PRODUCTS_DIR)/RxSwiftSample.app/RxSwiftSample";
			};
			name = Release;
		};
		AEF7CABF1D5D855A0083F22B /* Debug */ = {
			isa = XCBuildConfiguration;
			buildSettings = {
				INFOPLIST_FILE = RxSwiftSampleUITests/Info.plist;
				LD_RUNPATH_SEARCH_PATHS = "$(inherited) @executable_path/Frameworks @loader_path/Frameworks";
				PRODUCT_BUNDLE_IDENTIFIER = takuwan0405.RxSwiftSampleUITests;
				PRODUCT_NAME = "$(TARGET_NAME)";
				SWIFT_VERSION = 3.0;
				TEST_TARGET_NAME = RxSwiftSample;
			};
			name = Debug;
		};
		AEF7CAC01D5D855A0083F22B /* Release */ = {
			isa = XCBuildConfiguration;
			buildSettings = {
				INFOPLIST_FILE = RxSwiftSampleUITests/Info.plist;
				LD_RUNPATH_SEARCH_PATHS = "$(inherited) @executable_path/Frameworks @loader_path/Frameworks";
				PRODUCT_BUNDLE_IDENTIFIER = takuwan0405.RxSwiftSampleUITests;
				PRODUCT_NAME = "$(TARGET_NAME)";
				SWIFT_VERSION = 3.0;
				TEST_TARGET_NAME = RxSwiftSample;
			};
			name = Release;
		};
/* End XCBuildConfiguration section */

/* Begin XCConfigurationList section */
		AEF7CA8B1D5D85590083F22B /* Build configuration list for PBXProject "RxSwiftSample" */ = {
			isa = XCConfigurationList;
			buildConfigurations = (
				AEF7CAB61D5D855A0083F22B /* Debug */,
				AEF7CAB71D5D855A0083F22B /* Release */,
			);
			defaultConfigurationIsVisible = 0;
			defaultConfigurationName = Release;
		};
		AEF7CAB81D5D855A0083F22B /* Build configuration list for PBXNativeTarget "RxSwiftSample" */ = {
			isa = XCConfigurationList;
			buildConfigurations = (
				AEF7CAB91D5D855A0083F22B /* Debug */,
				AEF7CABA1D5D855A0083F22B /* Release */,
			);
			defaultConfigurationIsVisible = 0;
			defaultConfigurationName = Release;
		};
		AEF7CABB1D5D855A0083F22B /* Build configuration list for PBXNativeTarget "RxSwiftSampleTests" */ = {
			isa = XCConfigurationList;
			buildConfigurations = (
				AEF7CABC1D5D855A0083F22B /* Debug */,
				AEF7CABD1D5D855A0083F22B /* Release */,
			);
			defaultConfigurationIsVisible = 0;
			defaultConfigurationName = Release;
		};
		AEF7CABE1D5D855A0083F22B /* Build configuration list for PBXNativeTarget "RxSwiftSampleUITests" */ = {
			isa = XCConfigurationList;
			buildConfigurations = (
				AEF7CABF1D5D855A0083F22B /* Debug */,
				AEF7CAC01D5D855A0083F22B /* Release */,
			);
			defaultConfigurationIsVisible = 0;
			defaultConfigurationName = Release;
		};
/* End XCConfigurationList section */
	};
	rootObject = AEF7CA881D5D85590083F22B /* Project object */;
}
